// !$*UTF8*$!
{
	archiveVersion = 1;
	classes = {
	};
	objectVersion = 70;
	objects = {

/* Begin PBXBuildFile section */
		6EB1E7952F3BA99A0093E81C /* LocalSigning.xcconfig in Resources */ = {isa = PBXBuildFile; fileRef = 6EB1E7942F3BA99A0093E81C /* LocalSigning.xcconfig */; };
		C857AB962CD67B7600D69E59 /* Differ in Frameworks */ = {isa = PBXBuildFile; productRef = C857AB952CD67B7600D69E59 /* Differ */; };
/* End PBXBuildFile section */

/* Begin PBXContainerItemProxy section */
		C8856B1A2CD84A6400F6AE8C /* PBXContainerItemProxy */ = {
			isa = PBXContainerItemProxy;
			containerPortal = C8D337FE2C7FDEB100FA383B /* Project object */;
			proxyType = 1;
			remoteGlobalIDString = C8D338052C7FDEB100FA383B;
			remoteInfo = Medio;
		};
/* End PBXContainerItemProxy section */

/* Begin PBXFileReference section */
		6EB1E7942F3BA99A0093E81C /* LocalSigning.xcconfig */ = {isa = PBXFileReference; lastKnownFileType = text.xcconfig; path = LocalSigning.xcconfig; sourceTree = "<group>"; };
		C8856B162CD84A6400F6AE8C /* MedioAppTests.xctest */ = {isa = PBXFileReference; explicitFileType = wrapper.cfbundle; includeInIndex = 0; path = MedioAppTests.xctest; sourceTree = BUILT_PRODUCTS_DIR; };
		C8D338062C7FDEB100FA383B /* Medio.app */ = {isa = PBXFileReference; explicitFileType = wrapper.application; includeInIndex = 0; path = Medio.app; sourceTree = BUILT_PRODUCTS_DIR; };
		C8D338122C7FDEB300FA383B /* Medio.entitlements */ = {isa = PBXFileReference; lastKnownFileType = text.plist.entitlements; path = Medio.entitlements; sourceTree = "<group>"; };
/* End PBXFileReference section */

/* Begin PBXFileSystemSynchronizedBuildFileExceptionSet section */
		C8FBA8F72CD31BA0004F6A8F /* PBXFileSystemSynchronizedBuildFileExceptionSet */ = {
			isa = PBXFileSystemSynchronizedBuildFileExceptionSet;
			membershipExceptions = (
				Assets.xcassets,
				UpdateChecker.swift,
			);
			target = C8D338052C7FDEB100FA383B /* Medio */;
		};
		C8FBA8FB2CD31BCF004F6A8F /* PBXFileSystemSynchronizedBuildFileExceptionSet */ = {
			isa = PBXFileSystemSynchronizedBuildFileExceptionSet;
			membershipExceptions = (
				"Preview Assets.xcassets",
			);
			target = C8D338052C7FDEB100FA383B /* Medio */;
		};
/* End PBXFileSystemSynchronizedBuildFileExceptionSet section */

/* Begin PBXFileSystemSynchronizedRootGroup section */
		C8856B172CD84A6400F6AE8C /* MedioAppTests */ = {isa = PBXFileSystemSynchronizedRootGroup; explicitFileTypes = {}; explicitFolders = (); path = MedioAppTests; sourceTree = "<group>"; };
		C8FBA8ED2CD31B05004F6A8F /* App */ = {isa = PBXFileSystemSynchronizedRootGroup; explicitFileTypes = {}; explicitFolders = (); path = App; sourceTree = "<group>"; };
		C8FBA8EF2CD31B1B004F6A8F /* Models */ = {isa = PBXFileSystemSynchronizedRootGroup; explicitFileTypes = {}; explicitFolders = (); path = Models; sourceTree = "<group>"; };
		C8FBA8F12CD31B3E004F6A8F /* Views */ = {isa = PBXFileSystemSynchronizedRootGroup; explicitFileTypes = {}; explicitFolders = (); path = Views; sourceTree = "<group>"; };
		C8FBA8F22CD31B6B004F6A8F /* View Modifiers */ = {isa = PBXFileSystemSynchronizedRootGroup; explicitFileTypes = {}; explicitFolders = (); path = "View Modifiers"; sourceTree = "<group>"; };
		C8FBA8F32CD31B85004F6A8F /* Resources */ = {isa = PBXFileSystemSynchronizedRootGroup; exceptions = (C8FBA8F72CD31BA0004F6A8F /* PBXFileSystemSynchronizedBuildFileExceptionSet */, ); explicitFileTypes = {}; explicitFolders = (); path = Resources; sourceTree = "<group>"; };
		C8FBA8F92CD31BCF004F6A8F /* Preview Content */ = {isa = PBXFileSystemSynchronizedRootGroup; exceptions = (C8FBA8FB2CD31BCF004F6A8F /* PBXFileSystemSynchronizedBuildFileExceptionSet */, ); explicitFileTypes = {}; explicitFolders = (); path = "Preview Content"; sourceTree = "<group>"; };
/* End PBXFileSystemSynchronizedRootGroup section */

/* Begin PBXFrameworksBuildPhase section */
		C8856B132CD84A6400F6AE8C /* Frameworks */ = {
			isa = PBXFrameworksBuildPhase;
			buildActionMask = 2147483647;
			files = (
			);
			runOnlyForDeploymentPostprocessing = 0;
		};
		C8D338032C7FDEB100FA383B /* Frameworks */ = {
			isa = PBXFrameworksBuildPhase;
			buildActionMask = 2147483647;
			files = (
				C857AB962CD67B7600D69E59 /* Differ in Frameworks */,
			);
			runOnlyForDeploymentPostprocessing = 0;
		};
/* End PBXFrameworksBuildPhase section */

/* Begin PBXGroup section */
		C8D337FD2C7FDEB100FA383B = {
			isa = PBXGroup;
			children = (
				6EB1E7942F3BA99A0093E81C /* LocalSigning.xcconfig */,
				C8D338082C7FDEB100FA383B /* Medio */,
				C8856B172CD84A6400F6AE8C /* MedioAppTests */,
				C8D338072C7FDEB100FA383B /* Products */,
			);
			sourceTree = "<group>";
		};
		C8D338072C7FDEB100FA383B /* Products */ = {
			isa = PBXGroup;
			children = (
				C8D338062C7FDEB100FA383B /* Medio.app */,
				C8856B162CD84A6400F6AE8C /* MedioAppTests.xctest */,
			);
			name = Products;
			sourceTree = "<group>";
		};
		C8D338082C7FDEB100FA383B /* Medio */ = {
			isa = PBXGroup;
			children = (
				C8D338122C7FDEB300FA383B /* Medio.entitlements */,
				C8FBA8ED2CD31B05004F6A8F /* App */,
				C8FBA8EF2CD31B1B004F6A8F /* Models */,
				C8FBA8F12CD31B3E004F6A8F /* Views */,
				C8FBA8F32CD31B85004F6A8F /* Resources */,
				C8FBA8F22CD31B6B004F6A8F /* View Modifiers */,
				C8FBA8F92CD31BCF004F6A8F /* Preview Content */,
			);
			path = Medio;
			sourceTree = "<group>";
		};
/* End PBXGroup section */

/* Begin PBXNativeTarget section */
		C8856B152CD84A6400F6AE8C /* MedioAppTests */ = {
			isa = PBXNativeTarget;
			buildConfigurationList = C8856B1C2CD84A6400F6AE8C /* Build configuration list for PBXNativeTarget "MedioAppTests" */;
			buildPhases = (
				C8856B122CD84A6400F6AE8C /* Sources */,
				C8856B132CD84A6400F6AE8C /* Frameworks */,
				C8856B142CD84A6400F6AE8C /* Resources */,
			);
			buildRules = (
			);
			dependencies = (
				C8856B1B2CD84A6400F6AE8C /* PBXTargetDependency */,
			);
			fileSystemSynchronizedGroups = (
				C8856B172CD84A6400F6AE8C /* MedioAppTests */,
			);
			name = MedioAppTests;
			packageProductDependencies = (
			);
			productName = MedioAppTests;
			productReference = C8856B162CD84A6400F6AE8C /* MedioAppTests.xctest */;
			productType = "com.apple.product-type.bundle.unit-test";
		};
		C8D338052C7FDEB100FA383B /* Medio */ = {
			isa = PBXNativeTarget;
			buildConfigurationList = C8D3382B2C7FDEB300FA383B /* Build configuration list for PBXNativeTarget "Medio" */;
			buildPhases = (
				C8D338022C7FDEB100FA383B /* Sources */,
				C8D338032C7FDEB100FA383B /* Frameworks */,
				C8D338042C7FDEB100FA383B /* Resources */,
			);
			buildRules = (
			);
			dependencies = (
			);
			fileSystemSynchronizedGroups = (
				C8FBA8ED2CD31B05004F6A8F /* App */,
				C8FBA8EF2CD31B1B004F6A8F /* Models */,
				C8FBA8F12CD31B3E004F6A8F /* Views */,
				C8FBA8F22CD31B6B004F6A8F /* View Modifiers */,
			);
			name = Medio;
			packageProductDependencies = (
				C857AB952CD67B7600D69E59 /* Differ */,
			);
			productName = Medio;
			productReference = C8D338062C7FDEB100FA383B /* Medio.app */;
			productType = "com.apple.product-type.application";
		};
/* End PBXNativeTarget section */

/* Begin PBXProject section */
		C8D337FE2C7FDEB100FA383B /* Project object */ = {
			isa = PBXProject;
			attributes = {
				BuildIndependentTargetsInParallel = 1;
				LastSwiftUpdateCheck = 1610;
				LastUpgradeCheck = 1610;
				TargetAttributes = {
					C8856B152CD84A6400F6AE8C = {
						CreatedOnToolsVersion = 16.1;
						TestTargetID = C8D338052C7FDEB100FA383B;
					};
					C8D338052C7FDEB100FA383B = {
						CreatedOnToolsVersion = 15.4;
					};
				};
			};
			buildConfigurationList = C8D338012C7FDEB100FA383B /* Build configuration list for PBXProject "Medio" */;
			compatibilityVersion = "Xcode 14.0";
			developmentRegion = en;
			hasScannedForEncodings = 0;
			knownRegions = (
				en,
				Base,
			);
			mainGroup = C8D337FD2C7FDEB100FA383B;
			packageReferences = (
				C857AB942CD67B7600D69E59 /* XCRemoteSwiftPackageReference "Differ" */,
			);
			productRefGroup = C8D338072C7FDEB100FA383B /* Products */;
			projectDirPath = "";
			projectRoot = "";
			targets = (
				C8D338052C7FDEB100FA383B /* Medio */,
				C8856B152CD84A6400F6AE8C /* MedioAppTests */,
			);
		};
/* End PBXProject section */

/* Begin PBXResourcesBuildPhase section */
		C8856B142CD84A6400F6AE8C /* Resources */ = {
			isa = PBXResourcesBuildPhase;
			buildActionMask = 2147483647;
			files = (
				6EB1E7952F3BA99A0093E81C /* LocalSigning.xcconfig in Resources */,
			);
			runOnlyForDeploymentPostprocessing = 0;
		};
		C8D338042C7FDEB100FA383B /* Resources */ = {
			isa = PBXResourcesBuildPhase;
			buildActionMask = 2147483647;
			files = (
			);
			runOnlyForDeploymentPostprocessing = 0;
		};
/* End PBXResourcesBuildPhase section */

/* Begin PBXSourcesBuildPhase section */
		C8856B122CD84A6400F6AE8C /* Sources */ = {
			isa = PBXSourcesBuildPhase;
			buildActionMask = 2147483647;
			files = (
			);
			runOnlyForDeploymentPostprocessing = 0;
		};
		C8D338022C7FDEB100FA383B /* Sources */ = {
			isa = PBXSourcesBuildPhase;
			buildActionMask = 2147483647;
			files = (
			);
			runOnlyForDeploymentPostprocessing = 0;
		};
/* End PBXSourcesBuildPhase section */

/* Begin PBXTargetDependency section */
		C8856B1B2CD84A6400F6AE8C /* PBXTargetDependency */ = {
			isa = PBXTargetDependency;
			target = C8D338052C7FDEB100FA383B /* Medio */;
			targetProxy = C8856B1A2CD84A6400F6AE8C /* PBXContainerItemProxy */;
		};
/* End PBXTargetDependency section */

/* Begin XCBuildConfiguration section */
		C8856B1D2CD84A6400F6AE8C /* Debug */ = {
			isa = XCBuildConfiguration;
			buildSettings = {
				BUNDLE_LOADER = "$(TEST_HOST)";
				CODE_SIGN_IDENTITY = "-";
				CODE_SIGN_STYLE = Manual;
				CURRENT_PROJECT_VERSION = 1;
				GENERATE_INFOPLIST_FILE = YES;
				MACOSX_DEPLOYMENT_TARGET = 14.5;
				MARKETING_VERSION = 1.0;
				PRODUCT_BUNDLE_IDENTIFIER = Minimal.MedioAppTests;
				PRODUCT_NAME = "$(TARGET_NAME)";
				SWIFT_EMIT_LOC_STRINGS = NO;
				SWIFT_VERSION = 5.0;
				TEST_HOST = "$(BUILT_PRODUCTS_DIR)/Medio.app/$(BUNDLE_EXECUTABLE_FOLDER_PATH)/Medio";
			};
			name = Debug;
		};
		C8856B1E2CD84A6400F6AE8C /* Release */ = {
			isa = XCBuildConfiguration;
			buildSettings = {
				BUNDLE_LOADER = "$(TEST_HOST)";
				CODE_SIGN_IDENTITY = "-";
				CODE_SIGN_STYLE = Manual;
				CURRENT_PROJECT_VERSION = 1;
				GENERATE_INFOPLIST_FILE = YES;
				MACOSX_DEPLOYMENT_TARGET = 14.5;
				MARKETING_VERSION = 1.0;
				PRODUCT_BUNDLE_IDENTIFIER = Minimal.MedioAppTests;
				PRODUCT_NAME = "$(TARGET_NAME)";
				SWIFT_EMIT_LOC_STRINGS = NO;
				SWIFT_VERSION = 5.0;
				TEST_HOST = "$(BUILT_PRODUCTS_DIR)/Medio.app/$(BUNDLE_EXECUTABLE_FOLDER_PATH)/Medio";
			};
			name = Release;
		};
		C8D338292C7FDEB300FA383B /* Debug */ = {
			isa = XCBuildConfiguration;
			buildSettings = {
				ALWAYS_SEARCH_USER_PATHS = NO;
				ASSETCATALOG_COMPILER_GENERATE_SWIFT_ASSET_SYMBOL_EXTENSIONS = YES;
				CLANG_ANALYZER_NONNULL = YES;
				CLANG_ANALYZER_NUMBER_OBJECT_CONVERSION = YES_AGGRESSIVE;
				CLANG_CXX_LANGUAGE_STANDARD = "gnu++20";
				CLANG_ENABLE_MODULES = YES;
				CLANG_ENABLE_OBJC_ARC = YES;
				CLANG_ENABLE_OBJC_WEAK = YES;
				CLANG_WARN_BLOCK_CAPTURE_AUTORELEASING = YES;
				CLANG_WARN_BOOL_CONVERSION = YES;
				CLANG_WARN_COMMA = YES;
				CLANG_WARN_CONSTANT_CONVERSION = YES;
				CLANG_WARN_DEPRECATED_OBJC_IMPLEMENTATIONS = YES;
				CLANG_WARN_DIRECT_OBJC_ISA_USAGE = YES_ERROR;
				CLANG_WARN_DOCUMENTATION_COMMENTS = YES;
				CLANG_WARN_EMPTY_BODY = YES;
				CLANG_WARN_ENUM_CONVERSION = YES;
				CLANG_WARN_INFINITE_RECURSION = YES;
				CLANG_WARN_INT_CONVERSION = YES;
				CLANG_WARN_NON_LITERAL_NULL_CONVERSION = YES;
				CLANG_WARN_OBJC_IMPLICIT_RETAIN_SELF = YES;
				CLANG_WARN_OBJC_LITERAL_CONVERSION = YES;
				CLANG_WARN_OBJC_ROOT_CLASS = YES_ERROR;
				CLANG_WARN_QUOTED_INCLUDE_IN_FRAMEWORK_HEADER = YES;
				CLANG_WARN_RANGE_LOOP_ANALYSIS = YES;
				CLANG_WARN_STRICT_PROTOTYPES = YES;
				CLANG_WARN_SUSPICIOUS_MOVE = YES;
				CLANG_WARN_UNGUARDED_AVAILABILITY = YES_AGGRESSIVE;
				CLANG_WARN_UNREACHABLE_CODE = YES;
				CLANG_WARN__DUPLICATE_METHOD_MATCH = YES;
				COPY_PHASE_STRIP = NO;
				DEAD_CODE_STRIPPING = YES;
				DEBUG_INFORMATION_FORMAT = dwarf;
				ENABLE_STRICT_OBJC_MSGSEND = YES;
				ENABLE_TESTABILITY = YES;
				ENABLE_USER_SCRIPT_SANDBOXING = YES;
				GCC_C_LANGUAGE_STANDARD = gnu17;
				GCC_DYNAMIC_NO_PIC = NO;
				GCC_NO_COMMON_BLOCKS = YES;
				GCC_OPTIMIZATION_LEVEL = 0;
				GCC_PREPROCESSOR_DEFINITIONS = (
					"DEBUG=1",
					"$(inherited)",
				);
				GCC_WARN_64_TO_32_BIT_CONVERSION = YES;
				GCC_WARN_ABOUT_RETURN_TYPE = YES_ERROR;
				GCC_WARN_UNDECLARED_SELECTOR = YES;
				GCC_WARN_UNINITIALIZED_AUTOS = YES_AGGRESSIVE;
				GCC_WARN_UNUSED_FUNCTION = YES;
				GCC_WARN_UNUSED_VARIABLE = YES;
				LOCALIZATION_PREFERS_STRING_CATALOGS = YES;
				MACOSX_DEPLOYMENT_TARGET = 14.5;
				MTL_ENABLE_DEBUG_INFO = INCLUDE_SOURCE;
				MTL_FAST_MATH = YES;
				ONLY_ACTIVE_ARCH = YES;
				SDKROOT = macosx;
				SWIFT_ACTIVE_COMPILATION_CONDITIONS = "DEBUG $(inherited)";
				SWIFT_OPTIMIZATION_LEVEL = "-Onone";
			};
			name = Debug;
		};
		C8D3382A2C7FDEB300FA383B /* Release */ = {
			isa = XCBuildConfiguration;
			buildSettings = {
				ALWAYS_SEARCH_USER_PATHS = NO;
				ASSETCATALOG_COMPILER_GENERATE_SWIFT_ASSET_SYMBOL_EXTENSIONS = YES;
				CLANG_ANALYZER_NONNULL = YES;
				CLANG_ANALYZER_NUMBER_OBJECT_CONVERSION = YES_AGGRESSIVE;
				CLANG_CXX_LANGUAGE_STANDARD = "gnu++20";
				CLANG_ENABLE_MODULES = YES;
				CLANG_ENABLE_OBJC_ARC = YES;
				CLANG_ENABLE_OBJC_WEAK = YES;
				CLANG_WARN_BLOCK_CAPTURE_AUTORELEASING = YES;
				CLANG_WARN_BOOL_CONVERSION = YES;
				CLANG_WARN_COMMA = YES;
				CLANG_WARN_CONSTANT_CONVERSION = YES;
				CLANG_WARN_DEPRECATED_OBJC_IMPLEMENTATIONS = YES;
				CLANG_WARN_DIRECT_OBJC_ISA_USAGE = YES_ERROR;
				CLANG_WARN_DOCUMENTATION_COMMENTS = YES;
				CLANG_WARN_EMPTY_BODY = YES;
				CLANG_WARN_ENUM_CONVERSION = YES;
				CLANG_WARN_INFINITE_RECURSION = YES;
				CLANG_WARN_INT_CONVERSION = YES;
				CLANG_WARN_NON_LITERAL_NULL_CONVERSION = YES;
				CLANG_WARN_OBJC_IMPLICIT_RETAIN_SELF = YES;
				CLANG_WARN_OBJC_LITERAL_CONVERSION = YES;
				CLANG_WARN_OBJC_ROOT_CLASS = YES_ERROR;
				CLANG_WARN_QUOTED_INCLUDE_IN_FRAMEWORK_HEADER = YES;
				CLANG_WARN_RANGE_LOOP_ANALYSIS = YES;
				CLANG_WARN_STRICT_PROTOTYPES = YES;
				CLANG_WARN_SUSPICIOUS_MOVE = YES;
				CLANG_WARN_UNGUARDED_AVAILABILITY = YES_AGGRESSIVE;
				CLANG_WARN_UNREACHABLE_CODE = YES;
				CLANG_WARN__DUPLICATE_METHOD_MATCH = YES;
				COPY_PHASE_STRIP = NO;
				DEAD_CODE_STRIPPING = YES;
				DEBUG_INFORMATION_FORMAT = "dwarf-with-dsym";
				ENABLE_NS_ASSERTIONS = NO;
				ENABLE_STRICT_OBJC_MSGSEND = YES;
				ENABLE_USER_SCRIPT_SANDBOXING = YES;
				GCC_C_LANGUAGE_STANDARD = gnu17;
				GCC_NO_COMMON_BLOCKS = YES;
				GCC_WARN_64_TO_32_BIT_CONVERSION = YES;
				GCC_WARN_ABOUT_RETURN_TYPE = YES_ERROR;
				GCC_WARN_UNDECLARED_SELECTOR = YES;
				GCC_WARN_UNINITIALIZED_AUTOS = YES_AGGRESSIVE;
				GCC_WARN_UNUSED_FUNCTION = YES;
				GCC_WARN_UNUSED_VARIABLE = YES;
				LOCALIZATION_PREFERS_STRING_CATALOGS = YES;
				MACOSX_DEPLOYMENT_TARGET = 14.5;
				MTL_ENABLE_DEBUG_INFO = NO;
				MTL_FAST_MATH = YES;
				SDKROOT = macosx;
				SWIFT_COMPILATION_MODE = wholemodule;
			};
			name = Release;
		};
		C8D3382C2C7FDEB300FA383B /* Debug */ = {
			isa = XCBuildConfiguration;
			baseConfigurationReference = 6EB1E7942F3BA99A0093E81C /* LocalSigning.xcconfig */;
			buildSettings = {
				ASSETCATALOG_COMPILER_APPICON_NAME = AppIcon;
				ASSETCATALOG_COMPILER_GLOBAL_ACCENT_COLOR_NAME = AccentColor;
				ASSETCATALOG_COMPILER_INCLUDE_ALL_APPICON_ASSETS = YES;
				CODE_SIGN_ENTITLEMENTS = Medio/Medio.entitlements;
				CODE_SIGN_IDENTITY = "-";
				CODE_SIGN_STYLE = Manual;
				COMBINE_HIDPI_IMAGES = YES;
				CURRENT_PROJECT_VERSION = 60;
				DEAD_CODE_STRIPPING = YES;
				DEVELOPMENT_ASSET_PATHS = "\"Medio/Preview Content\"";
				ENABLE_HARDENED_RUNTIME = YES;
				ENABLE_PREVIEWS = YES;
				GENERATE_INFOPLIST_FILE = YES;
				INFOPLIST_KEY_LSApplicationCategoryType = "public.app-category.productivity";
				INFOPLIST_KEY_NSHumanReadableCopyright = "";
				LD_RUNPATH_SEARCH_PATHS = (
					"$(inherited)",
					"@executable_path/../Frameworks",
				);
				MACOSX_DEPLOYMENT_TARGET = 14.0;
				MARKETING_VERSION = 3.3.2;
				PRODUCT_BUNDLE_IDENTIFIER = Minimal.Medio;
				PRODUCT_NAME = "$(TARGET_NAME)";
				SWIFT_EMIT_LOC_STRINGS = YES;
				SWIFT_VERSION = 5.0;
			};
			name = Debug;
		};
		C8D3382D2C7FDEB300FA383B /* Release */ = {
			isa = XCBuildConfiguration;
			buildSettings = {
				ASSETCATALOG_COMPILER_APPICON_NAME = AppIcon;
				ASSETCATALOG_COMPILER_GLOBAL_ACCENT_COLOR_NAME = AccentColor;
				ASSETCATALOG_COMPILER_INCLUDE_ALL_APPICON_ASSETS = YES;
				CODE_SIGN_ENTITLEMENTS = Medio/Medio.entitlements;
				CODE_SIGN_IDENTITY = "-";
				CODE_SIGN_STYLE = Manual;
				COMBINE_HIDPI_IMAGES = YES;
				CURRENT_PROJECT_VERSION = 60;
				DEAD_CODE_STRIPPING = YES;
				DEVELOPMENT_ASSET_PATHS = "\"Medio/Preview Content\"";
				ENABLE_HARDENED_RUNTIME = YES;
				ENABLE_PREVIEWS = YES;
				GENERATE_INFOPLIST_FILE = YES;
				INFOPLIST_KEY_LSApplicationCategoryType = "public.app-category.productivity";
				INFOPLIST_KEY_NSHumanReadableCopyright = "";
				LD_RUNPATH_SEARCH_PATHS = (
					"$(inherited)",
					"@executable_path/../Frameworks",
				);
				MACOSX_DEPLOYMENT_TARGET = 14.0;
				MARKETING_VERSION = 3.3.2;
				PRODUCT_BUNDLE_IDENTIFIER = Minimal.Medio;
				PRODUCT_NAME = "$(TARGET_NAME)";
				SWIFT_EMIT_LOC_STRINGS = YES;
				SWIFT_VERSION = 5.0;
			};
			name = Release;
		};
/* End XCBuildConfiguration section */

/* Begin XCConfigurationList section */
		C8856B1C2CD84A6400F6AE8C /* Build configuration list for PBXNativeTarget "MedioAppTests" */ = {
			isa = XCConfigurationList;
			buildConfigurations = (
				C8856B1D2CD84A6400F6AE8C /* Debug */,
				C8856B1E2CD84A6400F6AE8C /* Release */,
			);
			defaultConfigurationIsVisible = 0;
			defaultConfigurationName = Release;
		};
		C8D338012C7FDEB100FA383B /* Build configuration list for PBXProject "Medio" */ = {
			isa = XCConfigurationList;
			buildConfigurations = (
				C8D338292C7FDEB300FA383B /* Debug */,
				C8D3382A2C7FDEB300FA383B /* Release */,
			);
			defaultConfigurationIsVisible = 0;
			defaultConfigurationName = Release;
		};
		C8D3382B2C7FDEB300FA383B /* Build configuration list for PBXNativeTarget "Medio" */ = {
			isa = XCConfigurationList;
			buildConfigurations = (
				C8D3382C2C7FDEB300FA383B /* Debug */,
				C8D3382D2C7FDEB300FA383B /* Release */,
			);
			defaultConfigurationIsVisible = 0;
			defaultConfigurationName = Release;
		};
/* End XCConfigurationList section */

/* Begin XCRemoteSwiftPackageReference section */
		C857AB942CD67B7600D69E59 /* XCRemoteSwiftPackageReference "Differ" */ = {
			isa = XCRemoteSwiftPackageReference;
			repositoryURL = "https://github.com/tonyarnold/Differ";
			requirement = {
				kind = upToNextMajorVersion;
				minimumVersion = 1.4.6;
			};
		};
/* End XCRemoteSwiftPackageReference section */

/* Begin XCSwiftPackageProductDependency section */
		C857AB952CD67B7600D69E59 /* Differ */ = {
			isa = XCSwiftPackageProductDependency;
			package = C857AB942CD67B7600D69E59 /* XCRemoteSwiftPackageReference "Differ" */;
			productName = Differ;
		};
/* End XCSwiftPackageProductDependency section */
	};
	rootObject = C8D337FE2C7FDEB100FA383B /* Project object */;
}
